
Microsoft Visual Studio Solution File, Format Version 12.00
# Visual Studio Version 17
VisualStudioVersion = 17.8.34525.116
MinimumVisualStudioVersion = 10.0.40219.1
Project("{9A19103F-16F7-4668-BE54-9A1E7A4F7556}") = "StoreMarket", "StoreMarket.csproj", "{0E65FA2E-F1E6-40D3-9C20-9FC2AAE56C3B}"
EndProject
Global
	GlobalSection(SolutionConfigurationPlatforms) = preSolution
		Debug|Any CPU = Debug|Any CPU
		Release|Any CPU = Release|Any CPU
	EndGlobalSection
	GlobalSection(ProjectConfigurationPlatforms) = postSolution
		{0E65FA2E-F1E6-40D3-9C20-9FC2AAE56C3B}.Debug|Any CPU.ActiveCfg = Debug|Any CPU
		{0E65FA2E-F1E6-40D3-9C20-9FC2AAE56C3B}.Debug|Any CPU.Build.0 = Debug|Any CPU
		{0E65FA2E-F1E6-40D3-9C20-9FC2AAE56C3B}.Release|Any CPU.ActiveCfg = Release|Any CPU
		{0E65FA2E-F1E6-40D3-9C20-9FC2AAE56C3B}.Release|Any CPU.Build.0 = Release|Any CPU
	EndGlobalSection
	GlobalSection(SolutionProperties) = preSolution
		HideSolutionNode = FALSE
	EndGlobalSection
	GlobalSection(ExtensibilityGlobals) = postSolution
		SolutionGuid = {808BE9D1-B26C-4555-98B9-A49C8C520360}
	EndGlobalSection
EndGlobal
